{
  "nodes": {
    "flake-parts": {
      "inputs": {
        "nixpkgs-lib": [
          "nix-chad",
          "nixpkgs"
        ]
      },
      "locked": {
        "lastModified": 1763759067,
        "narHash": "sha256-LlLt2Jo/gMNYAwOgdRQBrsRoOz7BPRkzvNaI/fzXi2Q=",
        "owner": "hercules-ci",
        "repo": "flake-parts",
        "rev": "2cccadc7357c0ba201788ae99c4dfa90728ef5e0",
        "type": "github"
      },
      "original": {
        "owner": "hercules-ci",
        "repo": "flake-parts",
        "rev": "2cccadc7357c0ba201788ae99c4dfa90728ef5e0",
        "type": "github"
      }
    },
    "flake-utils": {
      "inputs": {
        "systems": "systems"
      },
      "locked": {
        "lastModified": 1731533236,
        "narHash": "sha256-l0KFg5HjrsfsO/JpG+r7fRrqm12kzFHyUHqHCVpMMbI=",
        "owner": "numtide",
        "repo": "flake-utils",
        "rev": "11707dc2f618dd54ca8739b309ec4fc024de578b",
        "type": "github"
      },
      "original": {
        "owner": "numtide",
        "repo": "flake-utils",
        "rev": "11707dc2f618dd54ca8739b309ec4fc024de578b",
        "type": "github"
      }
    },
    "nix-chad": {
      "inputs": {
        "flake-parts": "flake-parts",
        "flake-utils": "flake-utils",
        "nixpkgs": "nixpkgs",
        "yants": "yants"
      },
      "locked": {
        "path": "../..",
        "type": "path"
      },
      "original": {
        "path": "../..",
        "type": "path"
      },
      "parent": []
    },
    "nixpkgs": {
      "locked": {
        "lastModified": 1764878468,
        "narHash": "sha256-DuT+5ZSC4n3s6+8mcecubdbLYzqzExWoupZJeTfPEkk=",
        "owner": "nixos",
        "repo": "nixpkgs",
        "rev": "77e2319b4114312eeeebfbc72bed0ae7fccfb112",
        "type": "github"
      },
      "original": {
        "owner": "nixos",
        "ref": "77e2319b4114312eeeebfbc72bed0ae7fccfb112",
        "repo": "nixpkgs",
        "type": "github"
      }
    },
    "root": {
      "inputs": {
        "nix-chad": "nix-chad"
      }
    },
    "systems": {
      "locked": {
        "lastModified": 1681028828,
        "narHash": "sha256-Vy1rq5AaRuLzOxct8nz4T6wlgyUR7zLU309k9mBC768=",
        "owner": "nix-systems",
        "repo": "default",
        "rev": "da67096a3b9bf56a91d16901293e51ba5b49a27e",
        "type": "github"
      },
      "original": {
        "owner": "nix-systems",
        "repo": "default",
        "type": "github"
      }
    },
    "yants": {
      "inputs": {
        "nixpkgs": [
          "nix-chad",
          "nixpkgs"
        ]
      },
      "locked": {
        "lastModified": 1686863218,
        "narHash": "sha256-kooxYm3/3ornWtVBNHM3Zh020gACUyFX2G0VQXnB+mk=",
        "owner": "divnix",
        "repo": "yants",
        "rev": "8f0da0dba57149676aa4817ec0c880fbde7a648d",
        "type": "github"
      },
      "original": {
        "owner": "divnix",
        "repo": "yants",
        "rev": "8f0da0dba57149676aa4817ec0c880fbde7a648d",
        "type": "github"
      }
    }
  },
  "root": "root",
  "version": 7
}
