{
  "nodes": {
    "darwin": {
      "inputs": {
        "nixpkgs": [
          "nix-chad",
          "nixpkgs"
        ]
      },
      "locked": {
        "lastModified": 1718345812,
        "narHash": "sha256-FJhA+YFsOFrAYe6EaiTEfomNf7jeURaPiG5/+a3DRSc=",
        "owner": "LnL7",
        "repo": "nix-darwin",
        "rev": "ff988d78f2f55641efacdf9a585d2937f7e32a9b",
        "type": "github"
      },
      "original": {
        "owner": "LnL7",
        "ref": "master",
        "repo": "nix-darwin",
        "type": "github"
      }
    },
    "flake-utils": {
      "inputs": {
        "systems": "systems"
      },
      "locked": {
        "lastModified": 1710146030,
        "narHash": "sha256-SZ5L6eA7HJ/nmkzGG7/ISclqe6oZdOZTNoesiInkXPQ=",
        "owner": "numtide",
        "repo": "flake-utils",
        "rev": "b1d9ab70662946ef0850d488da1c9019f3a9752a",
        "type": "github"
      },
      "original": {
        "owner": "numtide",
        "repo": "flake-utils",
        "type": "github"
      }
    },
    "home-manager": {
      "inputs": {
        "nixpkgs": [
          "nix-chad",
          "nixpkgs"
        ]
      },
      "locked": {
        "lastModified": 1717527182,
        "narHash": "sha256-vWSkg6AMok1UUQiSYVdGMOXKD2cDFnajITiSi0Zjd1A=",
        "owner": "nix-community",
        "repo": "home-manager",
        "rev": "845a5c4c073f74105022533907703441e0464bc3",
        "type": "github"
      },
      "original": {
        "owner": "nix-community",
        "ref": "release-24.05",
        "repo": "home-manager",
        "type": "github"
      }
    },
    "lint-nix": {
      "locked": {
        "lastModified": 1709651579,
        "narHash": "sha256-+Je8oIBGRKPjJdwzdSa3apaNKkEmcVdMhVFgxxX1qQs=",
        "owner": "xc-jp",
        "repo": "lint.nix",
        "rev": "a3e8324baec349dd65c3bd8f84a56ab295ff507f",
        "type": "github"
      },
      "original": {
        "owner": "xc-jp",
        "repo": "lint.nix",
        "type": "github"
      }
    },
    "nix-chad": {
      "inputs": {
        "darwin": "darwin",
        "flake-utils": "flake-utils",
        "home-manager": "home-manager",
        "lint-nix": "lint-nix",
        "nixpkgs": "nixpkgs",
        "nixpkgs-firefox-darwin": "nixpkgs-firefox-darwin",
        "nur": "nur"
      },
      "locked": {
        "lastModified": 0,
        "narHash": "sha256-BytGtCxyjauIbOOA9YTVMhp5XM7Ltyuo/3m8r4FJ8U8=",
        "path": "../..",
        "type": "path"
      },
      "original": {
        "path": "../..",
        "type": "path"
      }
    },
    "nixpkgs": {
      "locked": {
        "lastModified": 1718350267,
        "narHash": "sha256-hrf/m9msEun15Vbs8+IOijFe4Sb58KxG/BnDSL9xgZQ=",
        "owner": "nixos",
        "repo": "nixpkgs",
        "rev": "ecbc30d5ed9f75449233b17d4a4cdeab53af793f",
        "type": "github"
      },
      "original": {
        "owner": "nixos",
        "ref": "release-24.05",
        "repo": "nixpkgs",
        "type": "github"
      }
    },
    "nixpkgs-firefox-darwin": {
      "inputs": {
        "nixpkgs": "nixpkgs_2"
      },
      "locked": {
        "lastModified": 1718325956,
        "narHash": "sha256-TIUb5q28UxHuQFfow7py+JDOWfR5ePUC0GgoP9faDNU=",
        "owner": "bandithedoge",
        "repo": "nixpkgs-firefox-darwin",
        "rev": "1f1c2ad4487a6cbcf44c28e2f506c9f617a9ef6e",
        "type": "github"
      },
      "original": {
        "owner": "bandithedoge",
        "repo": "nixpkgs-firefox-darwin",
        "type": "github"
      }
    },
    "nixpkgs_2": {
      "locked": {
        "lastModified": 1639237670,
        "narHash": "sha256-RTdL4rEQcgaZGpvtDgkp3oK/V+1LM3I53n0ACPSroAQ=",
        "owner": "NixOS",
        "repo": "nixpkgs",
        "rev": "edfb969386ebe6c3cf8f878775a7975cd88f926d",
        "type": "github"
      },
      "original": {
        "owner": "NixOS",
        "ref": "master",
        "repo": "nixpkgs",
        "type": "github"
      }
    },
    "nur": {
      "locked": {
        "lastModified": 1718352074,
        "narHash": "sha256-ydfF2+w0sdJtol/xKJbOyg41rb2mbIXJHz/Ollr9rJg=",
        "owner": "nix-community",
        "repo": "NUR",
        "rev": "04cb4b1cbb9361c99b7fb69368eafa1bf73e09f4",
        "type": "github"
      },
      "original": {
        "owner": "nix-community",
        "repo": "NUR",
        "type": "github"
      }
    },
    "root": {
      "inputs": {
        "nix-chad": "nix-chad"
      }
    },
    "systems": {
      "locked": {
        "lastModified": 1681028828,
        "narHash": "sha256-Vy1rq5AaRuLzOxct8nz4T6wlgyUR7zLU309k9mBC768=",
        "owner": "nix-systems",
        "repo": "default",
        "rev": "da67096a3b9bf56a91d16901293e51ba5b49a27e",
        "type": "github"
      },
      "original": {
        "owner": "nix-systems",
        "repo": "default",
        "type": "github"
      }
    }
  },
  "root": "root",
  "version": 7
}
