{
  "nodes": {
    "flake-parts": {
      "inputs": {
        "nixpkgs-lib": [
          "nixpkgs"
        ]
      },
      "locked": {
        "lastModified": 1743550720,
        "narHash": "sha256-hIshGgKZCgWh6AYJpJmRgFdR3WUbkY04o82X05xqQiY=",
        "owner": "hercules-ci",
        "repo": "flake-parts",
        "rev": "c621e8422220273271f52058f618c94e405bb0f5",
        "type": "github"
      },
      "original": {
        "owner": "hercules-ci",
        "repo": "flake-parts",
        "rev": "c621e8422220273271f52058f618c94e405bb0f5",
        "type": "github"
      }
    },
    "just-flake": {
      "locked": {
        "lastModified": 1713316411,
        "narHash": "sha256-NkJfU6H+6vgHkPtZ2ESbZ/h2wnsDQrZvB4vbdUIBx8Q=",
        "owner": "juspay",
        "repo": "just-flake",
        "rev": "0e33952a4bcd16cd54ee3aba8111606c237d4526",
        "type": "github"
      },
      "original": {
        "owner": "juspay",
        "repo": "just-flake",
        "rev": "0e33952a4bcd16cd54ee3aba8111606c237d4526",
        "type": "github"
      }
    },
    "lint-nix": {
      "locked": {
        "lastModified": 1709651579,
        "narHash": "sha256-+Je8oIBGRKPjJdwzdSa3apaNKkEmcVdMhVFgxxX1qQs=",
        "owner": "xc-jp",
        "repo": "lint.nix",
        "rev": "a3e8324baec349dd65c3bd8f84a56ab295ff507f",
        "type": "github"
      },
      "original": {
        "owner": "xc-jp",
        "repo": "lint.nix",
        "rev": "a3e8324baec349dd65c3bd8f84a56ab295ff507f",
        "type": "github"
      }
    },
    "nix-github-actions": {
      "inputs": {
        "nixpkgs": [
          "nix-unit",
          "nixpkgs"
        ]
      },
      "locked": {
        "lastModified": 1731952509,
        "narHash": "sha256-p4gB3Rhw8R6Ak4eMl8pqjCPOLCZRqaehZxdZ/mbFClM=",
        "owner": "nix-community",
        "repo": "nix-github-actions",
        "rev": "7b5f051df789b6b20d259924d349a9ba3319b226",
        "type": "github"
      },
      "original": {
        "owner": "nix-community",
        "repo": "nix-github-actions",
        "type": "github"
      }
    },
    "nix-unit": {
      "inputs": {
        "flake-parts": [
          "flake-parts"
        ],
        "nix-github-actions": "nix-github-actions",
        "nixpkgs": [
          "nixpkgs"
        ],
        "treefmt-nix": [
          "treefmt-nix"
        ]
      },
      "locked": {
        "lastModified": 1745514172,
        "narHash": "sha256-FV8uIBumYYmqOMEa6WR3lFxs0ocANT7bbawEDg+vWjo=",
        "owner": "nix-community",
        "repo": "nix-unit",
        "rev": "be0d299e89a31e246c5472bf0e1005d4cc1e9e55",
        "type": "github"
      },
      "original": {
        "owner": "nix-community",
        "repo": "nix-unit",
        "rev": "be0d299e89a31e246c5472bf0e1005d4cc1e9e55",
        "type": "github"
      }
    },
    "nixpkgs": {
      "locked": {
        "lastModified": 1748603930,
        "narHash": "sha256-sTl6Dt/U07wjmUhLVbb19wMa4+OOxFiafetBwXGMIYM=",
        "owner": "nixos",
        "repo": "nixpkgs",
        "rev": "4f992ca40503578342726bebca5ebda5b0a01387",
        "type": "github"
      },
      "original": {
        "owner": "nixos",
        "repo": "nixpkgs",
        "rev": "4f992ca40503578342726bebca5ebda5b0a01387",
        "type": "github"
      }
    },
    "nixpkgs-firefox-darwin": {
      "inputs": {
        "nixpkgs": [
          "nixpkgs"
        ]
      },
      "locked": {
        "lastModified": 1748653471,
        "narHash": "sha256-Zhr+RZG4k6bRrhRVRwNaKXwzUgqd3DagkOLlTj4QkSc=",
        "owner": "bandithedoge",
        "repo": "nixpkgs-firefox-darwin",
        "rev": "a384c7ffe001a45980b48c741eeef64bf237475c",
        "type": "github"
      },
      "original": {
        "owner": "bandithedoge",
        "repo": "nixpkgs-firefox-darwin",
        "rev": "a384c7ffe001a45980b48c741eeef64bf237475c",
        "type": "github"
      }
    },
    "nur": {
      "inputs": {
        "flake-parts": [
          "flake-parts"
        ],
        "nixpkgs": [
          "nixpkgs"
        ],
        "treefmt-nix": [
          "treefmt-nix"
        ]
      },
      "locked": {
        "lastModified": 1748689111,
        "narHash": "sha256-Ln6J4D6L4mj0nTrwneoSPCrlsdzCBoMedMjjJNjSJQ0=",
        "owner": "nix-community",
        "repo": "NUR",
        "rev": "e07eb426b07efc1859d6a7de51e77250d2d7e57f",
        "type": "github"
      },
      "original": {
        "owner": "nix-community",
        "repo": "NUR",
        "rev": "e07eb426b07efc1859d6a7de51e77250d2d7e57f",
        "type": "github"
      }
    },
    "root": {
      "inputs": {
        "flake-parts": "flake-parts",
        "just-flake": "just-flake",
        "lint-nix": "lint-nix",
        "nix-unit": "nix-unit",
        "nixpkgs": "nixpkgs",
        "nixpkgs-firefox-darwin": "nixpkgs-firefox-darwin",
        "nur": "nur",
        "treefmt-nix": "treefmt-nix"
      }
    },
    "treefmt-nix": {
      "inputs": {
        "nixpkgs": [
          "nixpkgs"
        ]
      },
      "locked": {
        "lastModified": 1748243702,
        "narHash": "sha256-9YzfeN8CB6SzNPyPm2XjRRqSixDopTapaRsnTpXUEY8=",
        "owner": "numtide",
        "repo": "treefmt-nix",
        "rev": "1f3f7b784643d488ba4bf315638b2b0a4c5fb007",
        "type": "github"
      },
      "original": {
        "owner": "numtide",
        "repo": "treefmt-nix",
        "rev": "1f3f7b784643d488ba4bf315638b2b0a4c5fb007",
        "type": "github"
      }
    }
  },
  "root": "root",
  "version": 7
}
