{
  "nodes": {
    "flake-parts": {
      "inputs": {
        "nixpkgs-lib": [
          "nixpkgs"
        ]
      },
      "locked": {
        "lastModified": 1736143030,
        "narHash": "sha256-+hu54pAoLDEZT9pjHlqL9DNzWz0NbUn8NEAHP7PQPzU=",
        "owner": "hercules-ci",
        "repo": "flake-parts",
        "rev": "b905f6fc23a9051a6e1b741e1438dbfc0634c6de",
        "type": "github"
      },
      "original": {
        "owner": "hercules-ci",
        "repo": "flake-parts",
        "rev": "b905f6fc23a9051a6e1b741e1438dbfc0634c6de",
        "type": "github"
      }
    },
    "just-flake": {
      "locked": {
        "lastModified": 1713316411,
        "narHash": "sha256-NkJfU6H+6vgHkPtZ2ESbZ/h2wnsDQrZvB4vbdUIBx8Q=",
        "owner": "juspay",
        "repo": "just-flake",
        "rev": "0e33952a4bcd16cd54ee3aba8111606c237d4526",
        "type": "github"
      },
      "original": {
        "owner": "juspay",
        "repo": "just-flake",
        "rev": "0e33952a4bcd16cd54ee3aba8111606c237d4526",
        "type": "github"
      }
    },
    "lint-nix": {
      "locked": {
        "lastModified": 1709651579,
        "narHash": "sha256-+Je8oIBGRKPjJdwzdSa3apaNKkEmcVdMhVFgxxX1qQs=",
        "owner": "xc-jp",
        "repo": "lint.nix",
        "rev": "a3e8324baec349dd65c3bd8f84a56ab295ff507f",
        "type": "github"
      },
      "original": {
        "owner": "xc-jp",
        "repo": "lint.nix",
        "rev": "a3e8324baec349dd65c3bd8f84a56ab295ff507f",
        "type": "github"
      }
    },
    "nix-github-actions": {
      "inputs": {
        "nixpkgs": [
          "nix-unit",
          "nixpkgs"
        ]
      },
      "locked": {
        "lastModified": 1731952509,
        "narHash": "sha256-p4gB3Rhw8R6Ak4eMl8pqjCPOLCZRqaehZxdZ/mbFClM=",
        "owner": "nix-community",
        "repo": "nix-github-actions",
        "rev": "7b5f051df789b6b20d259924d349a9ba3319b226",
        "type": "github"
      },
      "original": {
        "owner": "nix-community",
        "repo": "nix-github-actions",
        "type": "github"
      }
    },
    "nix-unit": {
      "inputs": {
        "flake-parts": [
          "flake-parts"
        ],
        "nix-github-actions": "nix-github-actions",
        "nixpkgs": [
          "nixpkgs"
        ],
        "treefmt-nix": [
          "treefmt-nix"
        ]
      },
      "locked": {
        "lastModified": 1733705700,
        "narHash": "sha256-stdx1z86yj66bChYswqjRw8BpdJRwxkH2XIJrsygpiM=",
        "owner": "nix-community",
        "repo": "nix-unit",
        "rev": "d867d72d21da3b7d83f0feef73b0ac7f72b16437",
        "type": "github"
      },
      "original": {
        "owner": "nix-community",
        "repo": "nix-unit",
        "rev": "d867d72d21da3b7d83f0feef73b0ac7f72b16437",
        "type": "github"
      }
    },
    "nixpkgs": {
      "locked": {
        "lastModified": 1738086921,
        "narHash": "sha256-ROPyVvAP9oK0fUdA3PRtYP4d3yfU4z7/7Nq7BasqTqs=",
        "owner": "nixos",
        "repo": "nixpkgs",
        "rev": "a6fb7237cd4b325a8a75e0eab9e43caa94fcd3f1",
        "type": "github"
      },
      "original": {
        "owner": "nixos",
        "repo": "nixpkgs",
        "rev": "a6fb7237cd4b325a8a75e0eab9e43caa94fcd3f1",
        "type": "github"
      }
    },
    "nixpkgs-firefox-darwin": {
      "inputs": {
        "nixpkgs": [
          "nixpkgs"
        ]
      },
      "locked": {
        "lastModified": 1739149039,
        "narHash": "sha256-tHiozKP5WqmrP+sKzKNSXZY+uDDmqM8OltbhAOAAuIc=",
        "owner": "bandithedoge",
        "repo": "nixpkgs-firefox-darwin",
        "rev": "1d8947326870364f8876cc4781013f45e0220a95",
        "type": "github"
      },
      "original": {
        "owner": "bandithedoge",
        "repo": "nixpkgs-firefox-darwin",
        "rev": "1d8947326870364f8876cc4781013f45e0220a95",
        "type": "github"
      }
    },
    "nur": {
      "inputs": {
        "flake-parts": [
          "flake-parts"
        ],
        "nixpkgs": [
          "nixpkgs"
        ],
        "treefmt-nix": [
          "treefmt-nix"
        ]
      },
      "locked": {
        "lastModified": 1738214380,
        "narHash": "sha256-Pl3KhEDxIoyWjeNHudGufRxxtlFpRa2xJirfWkAmhSg=",
        "owner": "nix-community",
        "repo": "NUR",
        "rev": "426905c68424d40a05f96282dd515769e09745c3",
        "type": "github"
      },
      "original": {
        "owner": "nix-community",
        "repo": "NUR",
        "rev": "426905c68424d40a05f96282dd515769e09745c3",
        "type": "github"
      }
    },
    "root": {
      "inputs": {
        "flake-parts": "flake-parts",
        "just-flake": "just-flake",
        "lint-nix": "lint-nix",
        "nix-unit": "nix-unit",
        "nixpkgs": "nixpkgs",
        "nixpkgs-firefox-darwin": "nixpkgs-firefox-darwin",
        "nur": "nur",
        "treefmt-nix": "treefmt-nix"
      }
    },
    "treefmt-nix": {
      "inputs": {
        "nixpkgs": [
          "nixpkgs"
        ]
      },
      "locked": {
        "lastModified": 1738070913,
        "narHash": "sha256-j6jC12vCFsTGDmY2u1H12lMr62fnclNjuCtAdF1a4Nk=",
        "owner": "numtide",
        "repo": "treefmt-nix",
        "rev": "bebf27d00f7d10ba75332a0541ac43676985dea3",
        "type": "github"
      },
      "original": {
        "owner": "numtide",
        "repo": "treefmt-nix",
        "rev": "bebf27d00f7d10ba75332a0541ac43676985dea3",
        "type": "github"
      }
    }
  },
  "root": "root",
  "version": 7
}
